// !$*UTF8*$!
{
	archiveVersion = 1;
	classes = {
	};
	objectVersion = 50;
	objects = {

/* Begin PBXBuildFile section */
		C655F2F624C0681000B57CDA /* AppDelegate.swift in Sources */ = {isa = PBXBuildFile; fileRef = C655F2F524C0681000B57CDA /* AppDelegate.swift */; };
		C655F2F824C0681000B57CDA /* SceneDelegate.swift in Sources */ = {isa = PBXBuildFile; fileRef = C655F2F724C0681000B57CDA /* SceneDelegate.swift */; };
		C655F2FA24C0681000B57CDA /* ViewController.swift in Sources */ = {isa = PBXBuildFile; fileRef = C655F2F924C0681000B57CDA /* ViewController.swift */; };
		C655F2FD24C0681000B57CDA /* Main.storyboard in Resources */ = {isa = PBXBuildFile; fileRef = C655F2FB24C0681000B57CDA /* Main.storyboard */; };
		C655F2FF24C0681100B57CDA /* Assets.xcassets in Resources */ = {isa = PBXBuildFile; fileRef = C655F2FE24C0681100B57CDA /* Assets.xcassets */; };
		C655F30224C0681100B57CDA /* LaunchScreen.storyboard in Resources */ = {isa = PBXBuildFile; fileRef = C655F30024C0681100B57CDA /* LaunchScreen.storyboard */; };
		C655F30D24C0681100B57CDA /* scrollviewPracticeTests.swift in Sources */ = {isa = PBXBuildFile; fileRef = C655F30C24C0681100B57CDA /* scrollviewPracticeTests.swift */; };
		C655F31824C0681100B57CDA /* scrollviewPracticeUITests.swift in Sources */ = {isa = PBXBuildFile; fileRef = C655F31724C0681100B57CDA /* scrollviewPracticeUITests.swift */; };
/* End PBXBuildFile section */

/* Begin PBXContainerItemProxy section */
		C655F30924C0681100B57CDA /* PBXContainerItemProxy */ = {
			isa = PBXContainerItemProxy;
			containerPortal = C655F2EA24C0681000B57CDA /* Project object */;
			proxyType = 1;
			remoteGlobalIDString = C655F2F124C0681000B57CDA;
			remoteInfo = scrollviewPractice;
		};
		C655F31424C0681100B57CDA /* PBXContainerItemProxy */ = {
			isa = PBXContainerItemProxy;
			containerPortal = C655F2EA24C0681000B57CDA /* Project object */;
			proxyType = 1;
			remoteGlobalIDString = C655F2F124C0681000B57CDA;
			remoteInfo = scrollviewPractice;
		};
/* End PBXContainerItemProxy section */

/* Begin PBXFileReference section */
		C655F2F224C0681000B57CDA /* scrollviewPractice.app */ = {isa = PBXFileReference; explicitFileType = wrapper.application; includeInIndex = 0; path = scrollviewPractice.app; sourceTree = BUILT_PRODUCTS_DIR; };
		C655F2F524C0681000B57CDA /* AppDelegate.swift */ = {isa = PBXFileReference; lastKnownFileType = sourcecode.swift; path = AppDelegate.swift; sourceTree = "<group>"; };
		C655F2F724C0681000B57CDA /* SceneDelegate.swift */ = {isa = PBXFileReference; lastKnownFileType = sourcecode.swift; path = SceneDelegate.swift; sourceTree = "<group>"; };
		C655F2F924C0681000B57CDA /* ViewController.swift */ = {isa = PBXFileReference; lastKnownFileType = sourcecode.swift; path = ViewController.swift; sourceTree = "<group>"; };
		C655F2FC24C0681000B57CDA /* Base */ = {isa = PBXFileReference; lastKnownFileType = file.storyboard; name = Base; path = Base.lproj/Main.storyboard; sourceTree = "<group>"; };
		C655F2FE24C0681100B57CDA /* Assets.xcassets */ = {isa = PBXFileReference; lastKnownFileType = folder.assetcatalog; path = Assets.xcassets; sourceTree = "<group>"; };
		C655F30124C0681100B57CDA /* Base */ = {isa = PBXFileReference; lastKnownFileType = file.storyboard; name = Base; path = Base.lproj/LaunchScreen.storyboard; sourceTree = "<group>"; };
		C655F30324C0681100B57CDA /* Info.plist */ = {isa = PBXFileReference; lastKnownFileType = text.plist.xml; path = Info.plist; sourceTree = "<group>"; };
		C655F30824C0681100B57CDA /* scrollviewPracticeTests.xctest */ = {isa = PBXFileReference; explicitFileType = wrapper.cfbundle; includeInIndex = 0; path = scrollviewPracticeTests.xctest; sourceTree = BUILT_PRODUCTS_DIR; };
		C655F30C24C0681100B57CDA /* scrollviewPracticeTests.swift */ = {isa = PBXFileReference; lastKnownFileType = sourcecode.swift; path = scrollviewPracticeTests.swift; sourceTree = "<group>"; };
		C655F30E24C0681100B57CDA /* Info.plist */ = {isa = PBXFileReference; lastKnownFileType = text.plist.xml; path = Info.plist; sourceTree = "<group>"; };
		C655F31324C0681100B57CDA /* scrollviewPracticeUITests.xctest */ = {isa = PBXFileReference; explicitFileType = wrapper.cfbundle; includeInIndex = 0; path = scrollviewPracticeUITests.xctest; sourceTree = BUILT_PRODUCTS_DIR; };
		C655F31724C0681100B57CDA /* scrollviewPracticeUITests.swift */ = {isa = PBXFileReference; lastKnownFileType = sourcecode.swift; path = scrollviewPracticeUITests.swift; sourceTree = "<group>"; };
		C655F31924C0681100B57CDA /* Info.plist */ = {isa = PBXFileReference; lastKnownFileType = text.plist.xml; path = Info.plist; sourceTree = "<group>"; };
/* End PBXFileReference section */

/* Begin PBXFrameworksBuildPhase section */
		C655F2EF24C0681000B57CDA /* Frameworks */ = {
			isa = PBXFrameworksBuildPhase;
			buildActionMask = 2147483647;
			files = (
			);
			runOnlyForDeploymentPostprocessing = 0;
		};
		C655F30524C0681100B57CDA /* Frameworks */ = {
			isa = PBXFrameworksBuildPhase;
			buildActionMask = 2147483647;
			files = (
			);
			runOnlyForDeploymentPostprocessing = 0;
		};
		C655F31024C0681100B57CDA /* Frameworks */ = {
			isa = PBXFrameworksBuildPhase;
			buildActionMask = 2147483647;
			files = (
			);
			runOnlyForDeploymentPostprocessing = 0;
		};
/* End PBXFrameworksBuildPhase section */

/* Begin PBXGroup section */
		C655F2E924C0681000B57CDA = {
			isa = PBXGroup;
			children = (
				C655F2F424C0681000B57CDA /* scrollviewPractice */,
				C655F30B24C0681100B57CDA /* scrollviewPracticeTests */,
				C655F31624C0681100B57CDA /* scrollviewPracticeUITests */,
				C655F2F324C0681000B57CDA /* Products */,
			);
			sourceTree = "<group>";
		};
		C655F2F324C0681000B57CDA /* Products */ = {
			isa = PBXGroup;
			children = (
				C655F2F224C0681000B57CDA /* scrollviewPractice.app */,
				C655F30824C0681100B57CDA /* scrollviewPracticeTests.xctest */,
				C655F31324C0681100B57CDA /* scrollviewPracticeUITests.xctest */,
			);
			name = Products;
			sourceTree = "<group>";
		};
		C655F2F424C0681000B57CDA /* scrollviewPractice */ = {
			isa = PBXGroup;
			children = (
				C655F2F524C0681000B57CDA /* AppDelegate.swift */,
				C655F2F724C0681000B57CDA /* SceneDelegate.swift */,
				C655F2F924C0681000B57CDA /* ViewController.swift */,
				C655F2FB24C0681000B57CDA /* Main.storyboard */,
				C655F2FE24C0681100B57CDA /* Assets.xcassets */,
				C655F30024C0681100B57CDA /* LaunchScreen.storyboard */,
				C655F30324C0681100B57CDA /* Info.plist */,
			);
			path = scrollviewPractice;
			sourceTree = "<group>";
		};
		C655F30B24C0681100B57CDA /* scrollviewPracticeTests */ = {
			isa = PBXGroup;
			children = (
				C655F30C24C0681100B57CDA /* scrollviewPracticeTests.swift */,
				C655F30E24C0681100B57CDA /* Info.plist */,
			);
			path = scrollviewPracticeTests;
			sourceTree = "<group>";
		};
		C655F31624C0681100B57CDA /* scrollviewPracticeUITests */ = {
			isa = PBXGroup;
			children = (
				C655F31724C0681100B57CDA /* scrollviewPracticeUITests.swift */,
				C655F31924C0681100B57CDA /* Info.plist */,
			);
			path = scrollviewPracticeUITests;
			sourceTree = "<group>";
		};
/* End PBXGroup section */

/* Begin PBXNativeTarget section */
		C655F2F124C0681000B57CDA /* scrollviewPractice */ = {
			isa = PBXNativeTarget;
			buildConfigurationList = C655F31C24C0681100B57CDA /* Build configuration list for PBXNativeTarget "scrollviewPractice" */;
			buildPhases = (
				C655F2EE24C0681000B57CDA /* Sources */,
				C655F2EF24C0681000B57CDA /* Frameworks */,
				C655F2F024C0681000B57CDA /* Resources */,
			);
			buildRules = (
			);
			dependencies = (
			);
			name = scrollviewPractice;
			productName = scrollviewPractice;
			productReference = C655F2F224C0681000B57CDA /* scrollviewPractice.app */;
			productType = "com.apple.product-type.application";
		};
		C655F30724C0681100B57CDA /* scrollviewPracticeTests */ = {
			isa = PBXNativeTarget;
			buildConfigurationList = C655F31F24C0681100B57CDA /* Build configuration list for PBXNativeTarget "scrollviewPracticeTests" */;
			buildPhases = (
				C655F30424C0681100B57CDA /* Sources */,
				C655F30524C0681100B57CDA /* Frameworks */,
				C655F30624C0681100B57CDA /* Resources */,
			);
			buildRules = (
			);
			dependencies = (
				C655F30A24C0681100B57CDA /* PBXTargetDependency */,
			);
			name = scrollviewPracticeTests;
			productName = scrollviewPracticeTests;
			productReference = C655F30824C0681100B57CDA /* scrollviewPracticeTests.xctest */;
			productType = "com.apple.product-type.bundle.unit-test";
		};
		C655F31224C0681100B57CDA /* scrollviewPracticeUITests */ = {
			isa = PBXNativeTarget;
			buildConfigurationList = C655F32224C0681100B57CDA /* Build configuration list for PBXNativeTarget "scrollviewPracticeUITests" */;
			buildPhases = (
				C655F30F24C0681100B57CDA /* Sources */,
				C655F31024C0681100B57CDA /* Frameworks */,
				C655F31124C0681100B57CDA /* Resources */,
			);
			buildRules = (
			);
			dependencies = (
				C655F31524C0681100B57CDA /* PBXTargetDependency */,
			);
			name = scrollviewPracticeUITests;
			productName = scrollviewPracticeUITests;
			productReference = C655F31324C0681100B57CDA /* scrollviewPracticeUITests.xctest */;
			productType = "com.apple.product-type.bundle.ui-testing";
		};
/* End PBXNativeTarget section */

/* Begin PBXProject section */
		C655F2EA24C0681000B57CDA /* Project object */ = {
			isa = PBXProject;
			attributes = {
				LastSwiftUpdateCheck = 1200;
				LastUpgradeCheck = 1200;
				TargetAttributes = {
					C655F2F124C0681000B57CDA = {
						CreatedOnToolsVersion = 12.0;
					};
					C655F30724C0681100B57CDA = {
						CreatedOnToolsVersion = 12.0;
						TestTargetID = C655F2F124C0681000B57CDA;
					};
					C655F31224C0681100B57CDA = {
						CreatedOnToolsVersion = 12.0;
						TestTargetID = C655F2F124C0681000B57CDA;
					};
				};
			};
			buildConfigurationList = C655F2ED24C0681000B57CDA /* Build configuration list for PBXProject "scrollviewPractice" */;
			compatibilityVersion = "Xcode 9.3";
			developmentRegion = en;
			hasScannedForEncodings = 0;
			knownRegions = (
				en,
				Base,
			);
			mainGroup = C655F2E924C0681000B57CDA;
			productRefGroup = C655F2F324C0681000B57CDA /* Products */;
			projectDirPath = "";
			projectRoot = "";
			targets = (
				C655F2F124C0681000B57CDA /* scrollviewPractice */,
				C655F30724C0681100B57CDA /* scrollviewPracticeTests */,
				C655F31224C0681100B57CDA /* scrollviewPracticeUITests */,
			);
		};
/* End PBXProject section */

/* Begin PBXResourcesBuildPhase section */
		C655F2F024C0681000B57CDA /* Resources */ = {
			isa = PBXResourcesBuildPhase;
			buildActionMask = 2147483647;
			files = (
				C655F30224C0681100B57CDA /* LaunchScreen.storyboard in Resources */,
				C655F2FF24C0681100B57CDA /* Assets.xcassets in Resources */,
				C655F2FD24C0681000B57CDA /* Main.storyboard in Resources */,
			);
			runOnlyForDeploymentPostprocessing = 0;
		};
		C655F30624C0681100B57CDA /* Resources */ = {
			isa = PBXResourcesBuildPhase;
			buildActionMask = 2147483647;
			files = (
			);
			runOnlyForDeploymentPostprocessing = 0;
		};
		C655F31124C0681100B57CDA /* Resources */ = {
			isa = PBXResourcesBuildPhase;
			buildActionMask = 2147483647;
			files = (
			);
			runOnlyForDeploymentPostprocessing = 0;
		};
/* End PBXResourcesBuildPhase section */

/* Begin PBXSourcesBuildPhase section */
		C655F2EE24C0681000B57CDA /* Sources */ = {
			isa = PBXSourcesBuildPhase;
			buildActionMask = 2147483647;
			files = (
				C655F2FA24C0681000B57CDA /* ViewController.swift in Sources */,
				C655F2F624C0681000B57CDA /* AppDelegate.swift in Sources */,
				C655F2F824C0681000B57CDA /* SceneDelegate.swift in Sources */,
			);
			runOnlyForDeploymentPostprocessing = 0;
		};
		C655F30424C0681100B57CDA /* Sources */ = {
			isa = PBXSourcesBuildPhase;
			buildActionMask = 2147483647;
			files = (
				C655F30D24C0681100B57CDA /* scrollviewPracticeTests.swift in Sources */,
			);
			runOnlyForDeploymentPostprocessing = 0;
		};
		C655F30F24C0681100B57CDA /* Sources */ = {
			isa = PBXSourcesBuildPhase;
			buildActionMask = 2147483647;
			files = (
				C655F31824C0681100B57CDA /* scrollviewPracticeUITests.swift in Sources */,
			);
			runOnlyForDeploymentPostprocessing = 0;
		};
/* End PBXSourcesBuildPhase section */

/* Begin PBXTargetDependency section */
		C655F30A24C0681100B57CDA /* PBXTargetDependency */ = {
			isa = PBXTargetDependency;
			target = C655F2F124C0681000B57CDA /* scrollviewPractice */;
			targetProxy = C655F30924C0681100B57CDA /* PBXContainerItemProxy */;
		};
		C655F31524C0681100B57CDA /* PBXTargetDependency */ = {
			isa = PBXTargetDependency;
			target = C655F2F124C0681000B57CDA /* scrollviewPractice */;
			targetProxy = C655F31424C0681100B57CDA /* PBXContainerItemProxy */;
		};
/* End PBXTargetDependency section */

/* Begin PBXVariantGroup section */
		C655F2FB24C0681000B57CDA /* Main.storyboard */ = {
			isa = PBXVariantGroup;
			children = (
				C655F2FC24C0681000B57CDA /* Base */,
			);
			name = Main.storyboard;
			sourceTree = "<group>";
		};
		C655F30024C0681100B57CDA /* LaunchScreen.storyboard */ = {
			isa = PBXVariantGroup;
			children = (
				C655F30124C0681100B57CDA /* Base */,
			);
			name = LaunchScreen.storyboard;
			sourceTree = "<group>";
		};
/* End PBXVariantGroup section */

/* Begin XCBuildConfiguration section */
		C655F31A24C0681100B57CDA /* Debug */ = {
			isa = XCBuildConfiguration;
			buildSettings = {
				ALWAYS_SEARCH_USER_PATHS = NO;
				CLANG_ANALYZER_NONNULL = YES;
				CLANG_ANALYZER_NUMBER_OBJECT_CONVERSION = YES_AGGRESSIVE;
				CLANG_CXX_LANGUAGE_STANDARD = "gnu++14";
				CLANG_CXX_LIBRARY = "libc++";
				CLANG_ENABLE_MODULES = YES;
				CLANG_ENABLE_OBJC_ARC = YES;
				CLANG_ENABLE_OBJC_WEAK = YES;
				CLANG_WARN_BLOCK_CAPTURE_AUTORELEASING = YES;
				CLANG_WARN_BOOL_CONVERSION = YES;
				CLANG_WARN_COMMA = YES;
				CLANG_WARN_CONSTANT_CONVERSION = YES;
				CLANG_WARN_DEPRECATED_OBJC_IMPLEMENTATIONS = YES;
				CLANG_WARN_DIRECT_OBJC_ISA_USAGE = YES_ERROR;
				CLANG_WARN_DOCUMENTATION_COMMENTS = YES;
				CLANG_WARN_EMPTY_BODY = YES;
				CLANG_WARN_ENUM_CONVERSION = YES;
				CLANG_WARN_INFINITE_RECURSION = YES;
				CLANG_WARN_INT_CONVERSION = YES;
				CLANG_WARN_NON_LITERAL_NULL_CONVERSION = YES;
				CLANG_WARN_OBJC_IMPLICIT_RETAIN_SELF = YES;
				CLANG_WARN_OBJC_LITERAL_CONVERSION = YES;
				CLANG_WARN_OBJC_ROOT_CLASS = YES_ERROR;
				CLANG_WARN_QUOTED_INCLUDE_IN_FRAMEWORK_HEADER = YES;
				CLANG_WARN_RANGE_LOOP_ANALYSIS = YES;
				CLANG_WARN_STRICT_PROTOTYPES = YES;
				CLANG_WARN_SUSPICIOUS_MOVE = YES;
				CLANG_WARN_UNGUARDED_AVAILABILITY = YES_AGGRESSIVE;
				CLANG_WARN_UNREACHABLE_CODE = YES;
				CLANG_WARN__DUPLICATE_METHOD_MATCH = YES;
				COPY_PHASE_STRIP = NO;
				DEBUG_INFORMATION_FORMAT = dwarf;
				ENABLE_STRICT_OBJC_MSGSEND = YES;
				ENABLE_TESTABILITY = YES;
				GCC_C_LANGUAGE_STANDARD = gnu11;
				GCC_DYNAMIC_NO_PIC = NO;
				GCC_NO_COMMON_BLOCKS = YES;
				GCC_OPTIMIZATION_LEVEL = 0;
				GCC_PREPROCESSOR_DEFINITIONS = (
					"DEBUG=1",
					"$(inherited)",
				);
				GCC_WARN_64_TO_32_BIT_CONVERSION = YES;
				GCC_WARN_ABOUT_RETURN_TYPE = YES_ERROR;
				GCC_WARN_UNDECLARED_SELECTOR = YES;
				GCC_WARN_UNINITIALIZED_AUTOS = YES_AGGRESSIVE;
				GCC_WARN_UNUSED_FUNCTION = YES;
				GCC_WARN_UNUSED_VARIABLE = YES;
				IPHONEOS_DEPLOYMENT_TARGET = 14.0;
				MTL_ENABLE_DEBUG_INFO = INCLUDE_SOURCE;
				MTL_FAST_MATH = YES;
				ONLY_ACTIVE_ARCH = YES;
				SDKROOT = iphoneos;
				SWIFT_ACTIVE_COMPILATION_CONDITIONS = DEBUG;
				SWIFT_OPTIMIZATION_LEVEL = "-Onone";
			};
			name = Debug;
		};
		C655F31B24C0681100B57CDA /* Release */ = {
			isa = XCBuildConfiguration;
			buildSettings = {
				ALWAYS_SEARCH_USER_PATHS = NO;
				CLANG_ANALYZER_NONNULL = YES;
				CLANG_ANALYZER_NUMBER_OBJECT_CONVERSION = YES_AGGRESSIVE;
				CLANG_CXX_LANGUAGE_STANDARD = "gnu++14";
				CLANG_CXX_LIBRARY = "libc++";
				CLANG_ENABLE_MODULES = YES;
				CLANG_ENABLE_OBJC_ARC = YES;
				CLANG_ENABLE_OBJC_WEAK = YES;
				CLANG_WARN_BLOCK_CAPTURE_AUTORELEASING = YES;
				CLANG_WARN_BOOL_CONVERSION = YES;
				CLANG_WARN_COMMA = YES;
				CLANG_WARN_CONSTANT_CONVERSION = YES;
				CLANG_WARN_DEPRECATED_OBJC_IMPLEMENTATIONS = YES;
				CLANG_WARN_DIRECT_OBJC_ISA_USAGE = YES_ERROR;
				CLANG_WARN_DOCUMENTATION_COMMENTS = YES;
				CLANG_WARN_EMPTY_BODY = YES;
				CLANG_WARN_ENUM_CONVERSION = YES;
				CLANG_WARN_INFINITE_RECURSION = YES;
				CLANG_WARN_INT_CONVERSION = YES;
				CLANG_WARN_NON_LITERAL_NULL_CONVERSION = YES;
				CLANG_WARN_OBJC_IMPLICIT_RETAIN_SELF = YES;
				CLANG_WARN_OBJC_LITERAL_CONVERSION = YES;
				CLANG_WARN_OBJC_ROOT_CLASS = YES_ERROR;
				CLANG_WARN_QUOTED_INCLUDE_IN_FRAMEWORK_HEADER = YES;
				CLANG_WARN_RANGE_LOOP_ANALYSIS = YES;
				CLANG_WARN_STRICT_PROTOTYPES = YES;
				CLANG_WARN_SUSPICIOUS_MOVE = YES;
				CLANG_WARN_UNGUARDED_AVAILABILITY = YES_AGGRESSIVE;
				CLANG_WARN_UNREACHABLE_CODE = YES;
				CLANG_WARN__DUPLICATE_METHOD_MATCH = YES;
				COPY_PHASE_STRIP = NO;
				DEBUG_INFORMATION_FORMAT = "dwarf-with-dsym";
				ENABLE_NS_ASSERTIONS = NO;
				ENABLE_STRICT_OBJC_MSGSEND = YES;
				GCC_C_LANGUAGE_STANDARD = gnu11;
				GCC_NO_COMMON_BLOCKS = YES;
				GCC_WARN_64_TO_32_BIT_CONVERSION = YES;
				GCC_WARN_ABOUT_RETURN_TYPE = YES_ERROR;
				GCC_WARN_UNDECLARED_SELECTOR = YES;
				GCC_WARN_UNINITIALIZED_AUTOS = YES_AGGRESSIVE;
				GCC_WARN_UNUSED_FUNCTION = YES;
				GCC_WARN_UNUSED_VARIABLE = YES;
				IPHONEOS_DEPLOYMENT_TARGET = 14.0;
				MTL_ENABLE_DEBUG_INFO = NO;
				MTL_FAST_MATH = YES;
				SDKROOT = iphoneos;
				SWIFT_COMPILATION_MODE = wholemodule;
				SWIFT_OPTIMIZATION_LEVEL = "-O";
				VALIDATE_PRODUCT = YES;
			};
			name = Release;
		};
		C655F31D24C0681100B57CDA /* Debug */ = {
			isa = XCBuildConfiguration;
			buildSettings = {
				ASSETCATALOG_COMPILER_APPICON_NAME = AppIcon;
				ASSETCATALOG_COMPILER_GLOBAL_ACCENT_COLOR_NAME = AccentColor;
				CODE_SIGN_STYLE = Automatic;
				DEVELOPMENT_TEAM = 24P9PKP7RJ;
				INFOPLIST_FILE = scrollviewPractice/Info.plist;
				LD_RUNPATH_SEARCH_PATHS = (
					"$(inherited)",
					"@executable_path/Frameworks",
				);
				PRODUCT_BUNDLE_IDENTIFIER = com.yu.scrollviewPractice;
				PRODUCT_NAME = "$(TARGET_NAME)";
				SWIFT_VERSION = 5.0;
				TARGETED_DEVICE_FAMILY = "1,2";
			};
			name = Debug;
		};
		C655F31E24C0681100B57CDA /* Release */ = {
			isa = XCBuildConfiguration;
			buildSettings = {
				ASSETCATALOG_COMPILER_APPICON_NAME = AppIcon;
				ASSETCATALOG_COMPILER_GLOBAL_ACCENT_COLOR_NAME = AccentColor;
				CODE_SIGN_STYLE = Automatic;
				DEVELOPMENT_TEAM = 24P9PKP7RJ;
				INFOPLIST_FILE = scrollviewPractice/Info.plist;
				LD_RUNPATH_SEARCH_PATHS = (
					"$(inherited)",
					"@executable_path/Frameworks",
				);
				PRODUCT_BUNDLE_IDENTIFIER = com.yu.scrollviewPractice;
				PRODUCT_NAME = "$(TARGET_NAME)";
				SWIFT_VERSION = 5.0;
				TARGETED_DEVICE_FAMILY = "1,2";
			};
			name = Release;
		};
		C655F32024C0681100B57CDA /* Debug */ = {
			isa = XCBuildConfiguration;
			buildSettings = {
				ALWAYS_EMBED_SWIFT_STANDARD_LIBRARIES = YES;
				BUNDLE_LOADER = "$(TEST_HOST)";
				CODE_SIGN_STYLE = Automatic;
				DEVELOPMENT_TEAM = 24P9PKP7RJ;
				INFOPLIST_FILE = scrollviewPracticeTests/Info.plist;
				IPHONEOS_DEPLOYMENT_TARGET = 14.0;
				LD_RUNPATH_SEARCH_PATHS = (
					"$(inherited)",
					"@executable_path/Frameworks",
					"@loader_path/Frameworks",
				);
				PRODUCT_BUNDLE_IDENTIFIER = com.yu.scrollviewPracticeTests;
				PRODUCT_NAME = "$(TARGET_NAME)";
				SWIFT_VERSION = 5.0;
				TARGETED_DEVICE_FAMILY = "1,2";
				TEST_HOST = "$(BUILT_PRODUCTS_DIR)/scrollviewPractice.app/scrollviewPractice";
			};
			name = Debug;
		};
		C655F32124C0681100B57CDA /* Release */ = {
			isa = XCBuildConfiguration;
			buildSettings = {
				ALWAYS_EMBED_SWIFT_STANDARD_LIBRARIES = YES;
				BUNDLE_LOADER = "$(TEST_HOST)";
				CODE_SIGN_STYLE = Automatic;
				DEVELOPMENT_TEAM = 24P9PKP7RJ;
				INFOPLIST_FILE = scrollviewPracticeTests/Info.plist;
				IPHONEOS_DEPLOYMENT_TARGET = 14.0;
				LD_RUNPATH_SEARCH_PATHS = (
					"$(inherited)",
					"@executable_path/Frameworks",
					"@loader_path/Frameworks",
				);
				PRODUCT_BUNDLE_IDENTIFIER = com.yu.scrollviewPracticeTests;
				PRODUCT_NAME = "$(TARGET_NAME)";
				SWIFT_VERSION = 5.0;
				TARGETED_DEVICE_FAMILY = "1,2";
				TEST_HOST = "$(BUILT_PRODUCTS_DIR)/scrollviewPractice.app/scrollviewPractice";
			};
			name = Release;
		};
		C655F32324C0681100B57CDA /* Debug */ = {
			isa = XCBuildConfiguration;
			buildSettings = {
				ALWAYS_EMBED_SWIFT_STANDARD_LIBRARIES = YES;
				CODE_SIGN_STYLE = Automatic;
				DEVELOPMENT_TEAM = 24P9PKP7RJ;
				INFOPLIST_FILE = scrollviewPracticeUITests/Info.plist;
				LD_RUNPATH_SEARCH_PATHS = (
					"$(inherited)",
					"@executable_path/Frameworks",
					"@loader_path/Frameworks",
				);
				PRODUCT_BUNDLE_IDENTIFIER = com.yu.scrollviewPracticeUITests;
				PRODUCT_NAME = "$(TARGET_NAME)";
				SWIFT_VERSION = 5.0;
				TARGETED_DEVICE_FAMILY = "1,2";
				TEST_TARGET_NAME = scrollviewPractice;
			};
			name = Debug;
		};
		C655F32424C0681100B57CDA /* Release */ = {
			isa = XCBuildConfiguration;
			buildSettings = {
				ALWAYS_EMBED_SWIFT_STANDARD_LIBRARIES = YES;
				CODE_SIGN_STYLE = Automatic;
				DEVELOPMENT_TEAM = 24P9PKP7RJ;
				INFOPLIST_FILE = scrollviewPracticeUITests/Info.plist;
				LD_RUNPATH_SEARCH_PATHS = (
					"$(inherited)",
					"@executable_path/Frameworks",
					"@loader_path/Frameworks",
				);
				PRODUCT_BUNDLE_IDENTIFIER = com.yu.scrollviewPracticeUITests;
				PRODUCT_NAME = "$(TARGET_NAME)";
				SWIFT_VERSION = 5.0;
				TARGETED_DEVICE_FAMILY = "1,2";
				TEST_TARGET_NAME = scrollviewPractice;
			};
			name = Release;
		};
/* End XCBuildConfiguration section */

/* Begin XCConfigurationList section */
		C655F2ED24C0681000B57CDA /* Build configuration list for PBXProject "scrollviewPractice" */ = {
			isa = XCConfigurationList;
			buildConfigurations = (
				C655F31A24C0681100B57CDA /* Debug */,
				C655F31B24C0681100B57CDA /* Release */,
			);
			defaultConfigurationIsVisible = 0;
			defaultConfigurationName = Release;
		};
		C655F31C24C0681100B57CDA /* Build configuration list for PBXNativeTarget "scrollviewPractice" */ = {
			isa = XCConfigurationList;
			buildConfigurations = (
				C655F31D24C0681100B57CDA /* Debug */,
				C655F31E24C0681100B57CDA /* Release */,
			);
			defaultConfigurationIsVisible = 0;
			defaultConfigurationName = Release;
		};
		C655F31F24C0681100B57CDA /* Build configuration list for PBXNativeTarget "scrollviewPracticeTests" */ = {
			isa = XCConfigurationList;
			buildConfigurations = (
				C655F32024C0681100B57CDA /* Debug */,
				C655F32124C0681100B57CDA /* Release */,
			);
			defaultConfigurationIsVisible = 0;
			defaultConfigurationName = Release;
		};
		C655F32224C0681100B57CDA /* Build configuration list for PBXNativeTarget "scrollviewPracticeUITests" */ = {
			isa = XCConfigurationList;
			buildConfigurations = (
				C655F32324C0681100B57CDA /* Debug */,
				C655F32424C0681100B57CDA /* Release */,
			);
			defaultConfigurationIsVisible = 0;
			defaultConfigurationName = Release;
		};
/* End XCConfigurationList section */
	};
	rootObject = C655F2EA24C0681000B57CDA /* Project object */;
}
